// !$*UTF8*$!
{
	archiveVersion = 1;
	classes = {
	};
	objectVersion = 46;
	objects = {

/* Begin PBXBuildFile section */
		3351A5CA176E3951006AFF83 /* UIKit.framework in Frameworks */ = {isa = PBXBuildFile; fileRef = 3351A5C9176E3951006AFF83 /* UIKit.framework */; };
		3351A5CC176E3951006AFF83 /* Foundation.framework in Frameworks */ = {isa = PBXBuildFile; fileRef = 3351A5CB176E3951006AFF83 /* Foundation.framework */; };
		3351A5CE176E3951006AFF83 /* CoreGraphics.framework in Frameworks */ = {isa = PBXBuildFile; fileRef = 3351A5CD176E3951006AFF83 /* CoreGraphics.framework */; };
		3351A5D4176E3951006AFF83 /* InfoPlist.strings in Resources */ = {isa = PBXBuildFile; fileRef = 3351A5D2176E3951006AFF83 /* InfoPlist.strings */; };
		3351A5D6176E3951006AFF83 /* main.m in Sources */ = {isa = PBXBuildFile; fileRef = 3351A5D5176E3951006AFF83 /* main.m */; };
		3351A5DA176E3951006AFF83 /* QCAppDelegate.m in Sources */ = {isa = PBXBuildFile; fileRef = 3351A5D9176E3951006AFF83 /* QCAppDelegate.m */; };
		3351A5DC176E3951006AFF83 /* Default.png in Resources */ = {isa = PBXBuildFile; fileRef = 3351A5DB176E3951006AFF83 /* Default.png */; };
		3351A5DE176E3951006AFF83 /* Default@2x.png in Resources */ = {isa = PBXBuildFile; fileRef = 3351A5DD176E3951006AFF83 /* Default@2x.png */; };
		3351A5E0176E3951006AFF83 /* Default-568h@2x.png in Resources */ = {isa = PBXBuildFile; fileRef = 3351A5DF176E3951006AFF83 /* Default-568h@2x.png */; };
		3351A5E3176E3951006AFF83 /* TasksViewController.m in Sources */ = {isa = PBXBuildFile; fileRef = 3351A5E2176E3951006AFF83 /* TasksViewController.m */; };
		3351A5E6176E3951006AFF83 /* SubtasksListViewController.xib in Resources */ = {isa = PBXBuildFile; fileRef = 3351A5E4176E3951006AFF83 /* SubtasksListViewController.xib */; };
		3351A5ED176E3983006AFF83 /* CoreData.framework in Frameworks */ = {isa = PBXBuildFile; fileRef = 3351A5EC176E3983006AFF83 /* CoreData.framework */; };
		3351A793176E3D7A006AFF83 /* Model.xcdatamodeld in Sources */ = {isa = PBXBuildFile; fileRef = 3351A791176E3D7A006AFF83 /* Model.xcdatamodeld */; };
		3351A874176E48A0006AFF83 /* EditTaskViewController.m in Sources */ = {isa = PBXBuildFile; fileRef = 3351A872176E48A0006AFF83 /* EditTaskViewController.m */; };
		6FA94E68178DB0B400BE7EB7 /* MagicalImportFunctions.m in Sources */ = {isa = PBXBuildFile; fileRef = 6FA94E30178DB0B400BE7EB7 /* MagicalImportFunctions.m */; };
		6FA94E69178DB0B400BE7EB7 /* NSAttributeDescription+MagicalDataImport.m in Sources */ = {isa = PBXBuildFile; fileRef = 6FA94E32178DB0B400BE7EB7 /* NSAttributeDescription+MagicalDataImport.m */; };
		6FA94E6A178DB0B400BE7EB7 /* NSEntityDescription+MagicalDataImport.m in Sources */ = {isa = PBXBuildFile; fileRef = 6FA94E34178DB0B400BE7EB7 /* NSEntityDescription+MagicalDataImport.m */; };
		6FA94E6B178DB0B400BE7EB7 /* NSNumber+MagicalDataImport.m in Sources */ = {isa = PBXBuildFile; fileRef = 6FA94E36178DB0B400BE7EB7 /* NSNumber+MagicalDataImport.m */; };
		6FA94E6C178DB0B400BE7EB7 /* NSObject+MagicalDataImport.m in Sources */ = {isa = PBXBuildFile; fileRef = 6FA94E38178DB0B400BE7EB7 /* NSObject+MagicalDataImport.m */; };
		6FA94E6D178DB0B400BE7EB7 /* NSRelationshipDescription+MagicalDataImport.m in Sources */ = {isa = PBXBuildFile; fileRef = 6FA94E3A178DB0B400BE7EB7 /* NSRelationshipDescription+MagicalDataImport.m */; };
		6FA94E6E178DB0B400BE7EB7 /* NSString+MagicalDataImport.m in Sources */ = {isa = PBXBuildFile; fileRef = 6FA94E3C178DB0B400BE7EB7 /* NSString+MagicalDataImport.m */; };
		6FA94E6F178DB0B400BE7EB7 /* NSManagedObject+MagicalAggregation.m in Sources */ = {isa = PBXBuildFile; fileRef = 6FA94E3F178DB0B400BE7EB7 /* NSManagedObject+MagicalAggregation.m */; };
		6FA94E70178DB0B400BE7EB7 /* NSManagedObject+MagicalDataImport.m in Sources */ = {isa = PBXBuildFile; fileRef = 6FA94E41178DB0B400BE7EB7 /* NSManagedObject+MagicalDataImport.m */; };
		6FA94E71178DB0B400BE7EB7 /* NSManagedObject+MagicalFinders.m in Sources */ = {isa = PBXBuildFile; fileRef = 6FA94E43178DB0B400BE7EB7 /* NSManagedObject+MagicalFinders.m */; };
		6FA94E72178DB0B400BE7EB7 /* NSManagedObject+MagicalRecord.m in Sources */ = {isa = PBXBuildFile; fileRef = 6FA94E45178DB0B400BE7EB7 /* NSManagedObject+MagicalRecord.m */; };
		6FA94E73178DB0B400BE7EB7 /* NSManagedObject+MagicalRequests.m in Sources */ = {isa = PBXBuildFile; fileRef = 6FA94E47178DB0B400BE7EB7 /* NSManagedObject+MagicalRequests.m */; };
		6FA94E74178DB0B400BE7EB7 /* NSManagedObjectContext+MagicalObserving.m in Sources */ = {isa = PBXBuildFile; fileRef = 6FA94E4A178DB0B400BE7EB7 /* NSManagedObjectContext+MagicalObserving.m */; };
		6FA94E75178DB0B400BE7EB7 /* NSManagedObjectContext+MagicalRecord.m in Sources */ = {isa = PBXBuildFile; fileRef = 6FA94E4C178DB0B400BE7EB7 /* NSManagedObjectContext+MagicalRecord.m */; };
		6FA94E76178DB0B400BE7EB7 /* NSManagedObjectContext+MagicalSaves.m in Sources */ = {isa = PBXBuildFile; fileRef = 6FA94E4E178DB0B400BE7EB7 /* NSManagedObjectContext+MagicalSaves.m */; };
		6FA94E77178DB0B400BE7EB7 /* NSManagedObjectContext+MagicalThreading.m in Sources */ = {isa = PBXBuildFile; fileRef = 6FA94E50178DB0B400BE7EB7 /* NSManagedObjectContext+MagicalThreading.m */; };
		6FA94E78178DB0B400BE7EB7 /* NSManagedObjectModel+MagicalRecord.m in Sources */ = {isa = PBXBuildFile; fileRef = 6FA94E52178DB0B400BE7EB7 /* NSManagedObjectModel+MagicalRecord.m */; };
		6FA94E79178DB0B400BE7EB7 /* NSPersistentStore+MagicalRecord.m in Sources */ = {isa = PBXBuildFile; fileRef = 6FA94E54178DB0B400BE7EB7 /* NSPersistentStore+MagicalRecord.m */; };
		6FA94E7A178DB0B400BE7EB7 /* NSPersistentStoreCoordinator+MagicalRecord.m in Sources */ = {isa = PBXBuildFile; fileRef = 6FA94E56178DB0B400BE7EB7 /* NSPersistentStoreCoordinator+MagicalRecord.m */; };
		6FA94E7B178DB0B400BE7EB7 /* MagicalRecord+Actions.m in Sources */ = {isa = PBXBuildFile; fileRef = 6FA94E59178DB0B400BE7EB7 /* MagicalRecord+Actions.m */; };
		6FA94E7C178DB0B400BE7EB7 /* MagicalRecord+ErrorHandling.m in Sources */ = {isa = PBXBuildFile; fileRef = 6FA94E5B178DB0B400BE7EB7 /* MagicalRecord+ErrorHandling.m */; };
		6FA94E7D178DB0B400BE7EB7 /* MagicalRecord+iCloud.m in Sources */ = {isa = PBXBuildFile; fileRef = 6FA94E5D178DB0B400BE7EB7 /* MagicalRecord+iCloud.m */; };
		6FA94E7E178DB0B400BE7EB7 /* MagicalRecord+Options.m in Sources */ = {isa = PBXBuildFile; fileRef = 6FA94E5F178DB0B400BE7EB7 /* MagicalRecord+Options.m */; };
		6FA94E7F178DB0B400BE7EB7 /* MagicalRecord+Setup.m in Sources */ = {isa = PBXBuildFile; fileRef = 6FA94E61178DB0B400BE7EB7 /* MagicalRecord+Setup.m */; };
		6FA94E80178DB0B400BE7EB7 /* MagicalRecord+ShorthandSupport.m in Sources */ = {isa = PBXBuildFile; fileRef = 6FA94E63178DB0B400BE7EB7 /* MagicalRecord+ShorthandSupport.m */; };
		6FA94E81178DB0B400BE7EB7 /* MagicalRecord.m in Sources */ = {isa = PBXBuildFile; fileRef = 6FA94E65178DB0B400BE7EB7 /* MagicalRecord.m */; };
		7F094657178CD58700E16AB2 /* Storyboard.storyboard in Resources */ = {isa = PBXBuildFile; fileRef = 7F094656178CD58700E16AB2 /* Storyboard.storyboard */; };
		7F48B82E17714007008BC001 /* QCCustomCell.m in Sources */ = {isa = PBXBuildFile; fileRef = 7F48B82D17714007008BC001 /* QCCustomCell.m */; };
		7F48B83017714032008BC001 /* QCCustomCell.xib in Resources */ = {isa = PBXBuildFile; fileRef = 7F48B82F17714032008BC001 /* QCCustomCell.xib */; };
		7FA04C60177F949A00D7719F /* QCToDoListViewController.m in Sources */ = {isa = PBXBuildFile; fileRef = 7FA04C5E177F949A00D7719F /* QCToDoListViewController.m */; };
		7FA04C61177F949A00D7719F /* QCToDoListViewController.xib in Resources */ = {isa = PBXBuildFile; fileRef = 7FA04C5F177F949A00D7719F /* QCToDoListViewController.xib */; };
		7FA04C65177FD2EA00D7719F /* QCToDoCell.m in Sources */ = {isa = PBXBuildFile; fileRef = 7FA04C64177FD2EA00D7719F /* QCToDoCell.m */; };
		7FA04C67177FD35800D7719F /* QCToDoCell.xib in Resources */ = {isa = PBXBuildFile; fileRef = 7FA04C66177FD35800D7719F /* QCToDoCell.xib */; };
		7FC0CA3217764D7700220AF9 /* QCSettingsViewController.m in Sources */ = {isa = PBXBuildFile; fileRef = 7FC0CA3017764D7700220AF9 /* QCSettingsViewController.m */; };
		7FC0CA3317764D7700220AF9 /* QCSettingsViewController.xib in Resources */ = {isa = PBXBuildFile; fileRef = 7FC0CA3117764D7700220AF9 /* QCSettingsViewController.xib */; };
		7FDB877F177A6A5900C5564E /* checkboxblank.jpeg in Resources */ = {isa = PBXBuildFile; fileRef = 7FDB877E177A6A5900C5564E /* checkboxblank.jpeg */; };
		7FDB8781177A6AE700C5564E /* checkboxchecked.jpeg in Resources */ = {isa = PBXBuildFile; fileRef = 7FDB8780177A6AE700C5564E /* checkboxchecked.jpeg */; };
		DB30CCF51791EDAF001224EA /* CategoryViewController.m in Sources */ = {isa = PBXBuildFile; fileRef = DB30CCF41791EDAE001224EA /* CategoryViewController.m */; };
		DB8DA83817933F7B0084C91C /* Tasks.m in Sources */ = {isa = PBXBuildFile; fileRef = DB8DA83717933F7B0084C91C /* Tasks.m */; };
		DB8DA83B17933F7B0084C91C /* Lists.m in Sources */ = {isa = PBXBuildFile; fileRef = DB8DA83A17933F7B0084C91C /* Lists.m */; };
/* End PBXBuildFile section */

/* Begin PBXFileReference section */
		3351A5C6176E3951006AFF83 /* SuperTaskList.app */ = {isa = PBXFileReference; explicitFileType = wrapper.application; includeInIndex = 0; path = SuperTaskList.app; sourceTree = BUILT_PRODUCTS_DIR; };
		3351A5C9176E3951006AFF83 /* UIKit.framework */ = {isa = PBXFileReference; lastKnownFileType = wrapper.framework; name = UIKit.framework; path = System/Library/Frameworks/UIKit.framework; sourceTree = SDKROOT; };
		3351A5CB176E3951006AFF83 /* Foundation.framework */ = {isa = PBXFileReference; lastKnownFileType = wrapper.framework; name = Foundation.framework; path = System/Library/Frameworks/Foundation.framework; sourceTree = SDKROOT; };
		3351A5CD176E3951006AFF83 /* CoreGraphics.framework */ = {isa = PBXFileReference; lastKnownFileType = wrapper.framework; name = CoreGraphics.framework; path = System/Library/Frameworks/CoreGraphics.framework; sourceTree = SDKROOT; };
		3351A5D1176E3951006AFF83 /* SuperTaskList-Info.plist */ = {isa = PBXFileReference; lastKnownFileType = text.plist.xml; path = "SuperTaskList-Info.plist"; sourceTree = "<group>"; };
		3351A5D3176E3951006AFF83 /* en */ = {isa = PBXFileReference; lastKnownFileType = text.plist.strings; name = en; path = en.lproj/InfoPlist.strings; sourceTree = "<group>"; };
		3351A5D5176E3951006AFF83 /* main.m */ = {isa = PBXFileReference; lastKnownFileType = sourcecode.c.objc; path = main.m; sourceTree = "<group>"; };
		3351A5D7176E3951006AFF83 /* SuperTaskList-Prefix.pch */ = {isa = PBXFileReference; lastKnownFileType = sourcecode.c.h; path = "SuperTaskList-Prefix.pch"; sourceTree = "<group>"; };
		3351A5D8176E3951006AFF83 /* QCAppDelegate.h */ = {isa = PBXFileReference; lastKnownFileType = sourcecode.c.h; path = QCAppDelegate.h; sourceTree = "<group>"; };
		3351A5D9176E3951006AFF83 /* QCAppDelegate.m */ = {isa = PBXFileReference; lastKnownFileType = sourcecode.c.objc; path = QCAppDelegate.m; sourceTree = "<group>"; };
		3351A5DB176E3951006AFF83 /* Default.png */ = {isa = PBXFileReference; lastKnownFileType = image.png; path = Default.png; sourceTree = "<group>"; };
		3351A5DD176E3951006AFF83 /* Default@2x.png */ = {isa = PBXFileReference; lastKnownFileType = image.png; path = "Default@2x.png"; sourceTree = "<group>"; };
		3351A5DF176E3951006AFF83 /* Default-568h@2x.png */ = {isa = PBXFileReference; lastKnownFileType = image.png; path = "Default-568h@2x.png"; sourceTree = "<group>"; };
		3351A5E1176E3951006AFF83 /* TasksViewController.h */ = {isa = PBXFileReference; lastKnownFileType = sourcecode.c.h; path = TasksViewController.h; sourceTree = "<group>"; };
		3351A5E2176E3951006AFF83 /* TasksViewController.m */ = {isa = PBXFileReference; lastKnownFileType = sourcecode.c.objc; path = TasksViewController.m; sourceTree = "<group>"; };
		3351A5E5176E3951006AFF83 /* en */ = {isa = PBXFileReference; lastKnownFileType = file.xib; name = en; path = en.lproj/SubtasksListViewController.xib; sourceTree = "<group>"; };
		3351A5EC176E3983006AFF83 /* CoreData.framework */ = {isa = PBXFileReference; lastKnownFileType = wrapper.framework; name = CoreData.framework; path = System/Library/Frameworks/CoreData.framework; sourceTree = SDKROOT; };
		3351A792176E3D7A006AFF83 /* Model.xcdatamodel */ = {isa = PBXFileReference; lastKnownFileType = wrapper.xcdatamodel; path = Model.xcdatamodel; sourceTree = "<group>"; };
		3351A871176E489F006AFF83 /* EditTaskViewController.h */ = {isa = PBXFileReference; fileEncoding = 4; lastKnownFileType = sourcecode.c.h; path = EditTaskViewController.h; sourceTree = "<group>"; };
		3351A872176E48A0006AFF83 /* EditTaskViewController.m */ = {isa = PBXFileReference; fileEncoding = 4; lastKnownFileType = sourcecode.c.objc; path = EditTaskViewController.m; sourceTree = "<group>"; };
		6FA94E2F178DB0B400BE7EB7 /* MagicalImportFunctions.h */ = {isa = PBXFileReference; fileEncoding = 4; lastKnownFileType = sourcecode.c.h; path = MagicalImportFunctions.h; sourceTree = "<group>"; };
		6FA94E30178DB0B400BE7EB7 /* MagicalImportFunctions.m */ = {isa = PBXFileReference; fileEncoding = 4; lastKnownFileType = sourcecode.c.objc; path = MagicalImportFunctions.m; sourceTree = "<group>"; };
		6FA94E31178DB0B400BE7EB7 /* NSAttributeDescription+MagicalDataImport.h */ = {isa = PBXFileReference; fileEncoding = 4; lastKnownFileType = sourcecode.c.h; path = "NSAttributeDescription+MagicalDataImport.h"; sourceTree = "<group>"; };
		6FA94E32178DB0B400BE7EB7 /* NSAttributeDescription+MagicalDataImport.m */ = {isa = PBXFileReference; fileEncoding = 4; lastKnownFileType = sourcecode.c.objc; path = "NSAttributeDescription+MagicalDataImport.m"; sourceTree = "<group>"; };
		6FA94E33178DB0B400BE7EB7 /* NSEntityDescription+MagicalDataImport.h */ = {isa = PBXFileReference; fileEncoding = 4; lastKnownFileType = sourcecode.c.h; path = "NSEntityDescription+MagicalDataImport.h"; sourceTree = "<group>"; };
		6FA94E34178DB0B400BE7EB7 /* NSEntityDescription+MagicalDataImport.m */ = {isa = PBXFileReference; fileEncoding = 4; lastKnownFileType = sourcecode.c.objc; path = "NSEntityDescription+MagicalDataImport.m"; sourceTree = "<group>"; };
		6FA94E35178DB0B400BE7EB7 /* NSNumber+MagicalDataImport.h */ = {isa = PBXFileReference; fileEncoding = 4; lastKnownFileType = sourcecode.c.h; path = "NSNumber+MagicalDataImport.h"; sourceTree = "<group>"; };
		6FA94E36178DB0B400BE7EB7 /* NSNumber+MagicalDataImport.m */ = {isa = PBXFileReference; fileEncoding = 4; lastKnownFileType = sourcecode.c.objc; path = "NSNumber+MagicalDataImport.m"; sourceTree = "<group>"; };
		6FA94E37178DB0B400BE7EB7 /* NSObject+MagicalDataImport.h */ = {isa = PBXFileReference; fileEncoding = 4; lastKnownFileType = sourcecode.c.h; path = "NSObject+MagicalDataImport.h"; sourceTree = "<group>"; };
		6FA94E38178DB0B400BE7EB7 /* NSObject+MagicalDataImport.m */ = {isa = PBXFileReference; fileEncoding = 4; lastKnownFileType = sourcecode.c.objc; path = "NSObject+MagicalDataImport.m"; sourceTree = "<group>"; };
		6FA94E39178DB0B400BE7EB7 /* NSRelationshipDescription+MagicalDataImport.h */ = {isa = PBXFileReference; fileEncoding = 4; lastKnownFileType = sourcecode.c.h; path = "NSRelationshipDescription+MagicalDataImport.h"; sourceTree = "<group>"; };
		6FA94E3A178DB0B400BE7EB7 /* NSRelationshipDescription+MagicalDataImport.m */ = {isa = PBXFileReference; fileEncoding = 4; lastKnownFileType = sourcecode.c.objc; path = "NSRelationshipDescription+MagicalDataImport.m"; sourceTree = "<group>"; };
		6FA94E3B178DB0B400BE7EB7 /* NSString+MagicalDataImport.h */ = {isa = PBXFileReference; fileEncoding = 4; lastKnownFileType = sourcecode.c.h; path = "NSString+MagicalDataImport.h"; sourceTree = "<group>"; };
		6FA94E3C178DB0B400BE7EB7 /* NSString+MagicalDataImport.m */ = {isa = PBXFileReference; fileEncoding = 4; lastKnownFileType = sourcecode.c.objc; path = "NSString+MagicalDataImport.m"; sourceTree = "<group>"; };
		6FA94E3E178DB0B400BE7EB7 /* NSManagedObject+MagicalAggregation.h */ = {isa = PBXFileReference; fileEncoding = 4; lastKnownFileType = sourcecode.c.h; path = "NSManagedObject+MagicalAggregation.h"; sourceTree = "<group>"; };
		6FA94E3F178DB0B400BE7EB7 /* NSManagedObject+MagicalAggregation.m */ = {isa = PBXFileReference; fileEncoding = 4; lastKnownFileType = sourcecode.c.objc; path = "NSManagedObject+MagicalAggregation.m"; sourceTree = "<group>"; };
		6FA94E40178DB0B400BE7EB7 /* NSManagedObject+MagicalDataImport.h */ = {isa = PBXFileReference; fileEncoding = 4; lastKnownFileType = sourcecode.c.h; path = "NSManagedObject+MagicalDataImport.h"; sourceTree = "<group>"; };
		6FA94E41178DB0B400BE7EB7 /* NSManagedObject+MagicalDataImport.m */ = {isa = PBXFileReference; fileEncoding = 4; lastKnownFileType = sourcecode.c.objc; path = "NSManagedObject+MagicalDataImport.m"; sourceTree = "<group>"; };
		6FA94E42178DB0B400BE7EB7 /* NSManagedObject+MagicalFinders.h */ = {isa = PBXFileReference; fileEncoding = 4; lastKnownFileType = sourcecode.c.h; path = "NSManagedObject+MagicalFinders.h"; sourceTree = "<group>"; };
		6FA94E43178DB0B400BE7EB7 /* NSManagedObject+MagicalFinders.m */ = {isa = PBXFileReference; fileEncoding = 4; lastKnownFileType = sourcecode.c.objc; path = "NSManagedObject+MagicalFinders.m"; sourceTree = "<group>"; };
		6FA94E44178DB0B400BE7EB7 /* NSManagedObject+MagicalRecord.h */ = {isa = PBXFileReference; fileEncoding = 4; lastKnownFileType = sourcecode.c.h; path = "NSManagedObject+MagicalRecord.h"; sourceTree = "<group>"; };
		6FA94E45178DB0B400BE7EB7 /* NSManagedObject+MagicalRecord.m */ = {isa = PBXFileReference; fileEncoding = 4; lastKnownFileType = sourcecode.c.objc; path = "NSManagedObject+MagicalRecord.m"; sourceTree = "<group>"; };
		6FA94E46178DB0B400BE7EB7 /* NSManagedObject+MagicalRequests.h */ = {isa = PBXFileReference; fileEncoding = 4; lastKnownFileType = sourcecode.c.h; path = "NSManagedObject+MagicalRequests.h"; sourceTree = "<group>"; };
		6FA94E47178DB0B400BE7EB7 /* NSManagedObject+MagicalRequests.m */ = {isa = PBXFileReference; fileEncoding = 4; lastKnownFileType = sourcecode.c.objc; path = "NSManagedObject+MagicalRequests.m"; sourceTree = "<group>"; };
		6FA94E49178DB0B400BE7EB7 /* NSManagedObjectContext+MagicalObserving.h */ = {isa = PBXFileReference; fileEncoding = 4; lastKnownFileType = sourcecode.c.h; path = "NSManagedObjectContext+MagicalObserving.h"; sourceTree = "<group>"; };
		6FA94E4A178DB0B400BE7EB7 /* NSManagedObjectContext+MagicalObserving.m */ = {isa = PBXFileReference; fileEncoding = 4; lastKnownFileType = sourcecode.c.objc; path = "NSManagedObjectContext+MagicalObserving.m"; sourceTree = "<group>"; };
		6FA94E4B178DB0B400BE7EB7 /* NSManagedObjectContext+MagicalRecord.h */ = {isa = PBXFileReference; fileEncoding = 4; lastKnownFileType = sourcecode.c.h; path = "NSManagedObjectContext+MagicalRecord.h"; sourceTree = "<group>"; };
		6FA94E4C178DB0B400BE7EB7 /* NSManagedObjectContext+MagicalRecord.m */ = {isa = PBXFileReference; fileEncoding = 4; lastKnownFileType = sourcecode.c.objc; path = "NSManagedObjectContext+MagicalRecord.m"; sourceTree = "<group>"; };
		6FA94E4D178DB0B400BE7EB7 /* NSManagedObjectContext+MagicalSaves.h */ = {isa = PBXFileReference; fileEncoding = 4; lastKnownFileType = sourcecode.c.h; path = "NSManagedObjectContext+MagicalSaves.h"; sourceTree = "<group>"; };
		6FA94E4E178DB0B400BE7EB7 /* NSManagedObjectContext+MagicalSaves.m */ = {isa = PBXFileReference; fileEncoding = 4; lastKnownFileType = sourcecode.c.objc; path = "NSManagedObjectContext+MagicalSaves.m"; sourceTree = "<group>"; };
		6FA94E4F178DB0B400BE7EB7 /* NSManagedObjectContext+MagicalThreading.h */ = {isa = PBXFileReference; fileEncoding = 4; lastKnownFileType = sourcecode.c.h; path = "NSManagedObjectContext+MagicalThreading.h"; sourceTree = "<group>"; };
		6FA94E50178DB0B400BE7EB7 /* NSManagedObjectContext+MagicalThreading.m */ = {isa = PBXFileReference; fileEncoding = 4; lastKnownFileType = sourcecode.c.objc; path = "NSManagedObjectContext+MagicalThreading.m"; sourceTree = "<group>"; };
		6FA94E51178DB0B400BE7EB7 /* NSManagedObjectModel+MagicalRecord.h */ = {isa = PBXFileReference; fileEncoding = 4; lastKnownFileType = sourcecode.c.h; path = "NSManagedObjectModel+MagicalRecord.h"; sourceTree = "<group>"; };
		6FA94E52178DB0B400BE7EB7 /* NSManagedObjectModel+MagicalRecord.m */ = {isa = PBXFileReference; fileEncoding = 4; lastKnownFileType = sourcecode.c.objc; path = "NSManagedObjectModel+MagicalRecord.m"; sourceTree = "<group>"; };
		6FA94E53178DB0B400BE7EB7 /* NSPersistentStore+MagicalRecord.h */ = {isa = PBXFileReference; fileEncoding = 4; lastKnownFileType = sourcecode.c.h; path = "NSPersistentStore+MagicalRecord.h"; sourceTree = "<group>"; };
		6FA94E54178DB0B400BE7EB7 /* NSPersistentStore+MagicalRecord.m */ = {isa = PBXFileReference; fileEncoding = 4; lastKnownFileType = sourcecode.c.objc; path = "NSPersistentStore+MagicalRecord.m"; sourceTree = "<group>"; };
		6FA94E55178DB0B400BE7EB7 /* NSPersistentStoreCoordinator+MagicalRecord.h */ = {isa = PBXFileReference; fileEncoding = 4; lastKnownFileType = sourcecode.c.h; path = "NSPersistentStoreCoordinator+MagicalRecord.h"; sourceTree = "<group>"; };
		6FA94E56178DB0B400BE7EB7 /* NSPersistentStoreCoordinator+MagicalRecord.m */ = {isa = PBXFileReference; fileEncoding = 4; lastKnownFileType = sourcecode.c.objc; path = "NSPersistentStoreCoordinator+MagicalRecord.m"; sourceTree = "<group>"; };
		6FA94E58178DB0B400BE7EB7 /* MagicalRecord+Actions.h */ = {isa = PBXFileReference; fileEncoding = 4; lastKnownFileType = sourcecode.c.h; path = "MagicalRecord+Actions.h"; sourceTree = "<group>"; };
		6FA94E59178DB0B400BE7EB7 /* MagicalRecord+Actions.m */ = {isa = PBXFileReference; fileEncoding = 4; lastKnownFileType = sourcecode.c.objc; path = "MagicalRecord+Actions.m"; sourceTree = "<group>"; };
		6FA94E5A178DB0B400BE7EB7 /* MagicalRecord+ErrorHandling.h */ = {isa = PBXFileReference; fileEncoding = 4; lastKnownFileType = sourcecode.c.h; path = "MagicalRecord+ErrorHandling.h"; sourceTree = "<group>"; };
		6FA94E5B178DB0B400BE7EB7 /* MagicalRecord+ErrorHandling.m */ = {isa = PBXFileReference; fileEncoding = 4; lastKnownFileType = sourcecode.c.objc; path = "MagicalRecord+ErrorHandling.m"; sourceTree = "<group>"; };
		6FA94E5C178DB0B400BE7EB7 /* MagicalRecord+iCloud.h */ = {isa = PBXFileReference; fileEncoding = 4; lastKnownFileType = sourcecode.c.h; path = "MagicalRecord+iCloud.h"; sourceTree = "<group>"; };
		6FA94E5D178DB0B400BE7EB7 /* MagicalRecord+iCloud.m */ = {isa = PBXFileReference; fileEncoding = 4; lastKnownFileType = sourcecode.c.objc; path = "MagicalRecord+iCloud.m"; sourceTree = "<group>"; };
		6FA94E5E178DB0B400BE7EB7 /* MagicalRecord+Options.h */ = {isa = PBXFileReference; fileEncoding = 4; lastKnownFileType = sourcecode.c.h; path = "MagicalRecord+Options.h"; sourceTree = "<group>"; };
		6FA94E5F178DB0B400BE7EB7 /* MagicalRecord+Options.m */ = {isa = PBXFileReference; fileEncoding = 4; lastKnownFileType = sourcecode.c.objc; path = "MagicalRecord+Options.m"; sourceTree = "<group>"; };
		6FA94E60178DB0B400BE7EB7 /* MagicalRecord+Setup.h */ = {isa = PBXFileReference; fileEncoding = 4; lastKnownFileType = sourcecode.c.h; path = "MagicalRecord+Setup.h"; sourceTree = "<group>"; };
		6FA94E61178DB0B400BE7EB7 /* MagicalRecord+Setup.m */ = {isa = PBXFileReference; fileEncoding = 4; lastKnownFileType = sourcecode.c.objc; path = "MagicalRecord+Setup.m"; sourceTree = "<group>"; };
		6FA94E62178DB0B400BE7EB7 /* MagicalRecord+ShorthandSupport.h */ = {isa = PBXFileReference; fileEncoding = 4; lastKnownFileType = sourcecode.c.h; path = "MagicalRecord+ShorthandSupport.h"; sourceTree = "<group>"; };
		6FA94E63178DB0B400BE7EB7 /* MagicalRecord+ShorthandSupport.m */ = {isa = PBXFileReference; fileEncoding = 4; lastKnownFileType = sourcecode.c.objc; path = "MagicalRecord+ShorthandSupport.m"; sourceTree = "<group>"; };
		6FA94E64178DB0B400BE7EB7 /* MagicalRecord.h */ = {isa = PBXFileReference; fileEncoding = 4; lastKnownFileType = sourcecode.c.h; path = MagicalRecord.h; sourceTree = "<group>"; };
		6FA94E65178DB0B400BE7EB7 /* MagicalRecord.m */ = {isa = PBXFileReference; fileEncoding = 4; lastKnownFileType = sourcecode.c.objc; path = MagicalRecord.m; sourceTree = "<group>"; };
		6FA94E66178DB0B400BE7EB7 /* MagicalRecordShorthand.h */ = {isa = PBXFileReference; fileEncoding = 4; lastKnownFileType = sourcecode.c.h; path = MagicalRecordShorthand.h; sourceTree = "<group>"; };
		6FA94E67178DB0B400BE7EB7 /* CoreData+MagicalRecord.h */ = {isa = PBXFileReference; fileEncoding = 4; lastKnownFileType = sourcecode.c.h; path = "CoreData+MagicalRecord.h"; sourceTree = "<group>"; };
		7F094656178CD58700E16AB2 /* Storyboard.storyboard */ = {isa = PBXFileReference; fileEncoding = 4; lastKnownFileType = file.storyboard; name = Storyboard.storyboard; path = SuperTaskList/Storyboard.storyboard; sourceTree = "<group>"; };
		7F48B82C17714007008BC001 /* QCCustomCell.h */ = {isa = PBXFileReference; fileEncoding = 4; lastKnownFileType = sourcecode.c.h; path = QCCustomCell.h; sourceTree = "<group>"; };
		7F48B82D17714007008BC001 /* QCCustomCell.m */ = {isa = PBXFileReference; fileEncoding = 4; lastKnownFileType = sourcecode.c.objc; path = QCCustomCell.m; sourceTree = "<group>"; };
		7F48B82F17714032008BC001 /* QCCustomCell.xib */ = {isa = PBXFileReference; fileEncoding = 4; lastKnownFileType = file.xib; path = QCCustomCell.xib; sourceTree = "<group>"; };
		7FA04C5D177F949A00D7719F /* QCToDoListViewController.h */ = {isa = PBXFileReference; fileEncoding = 4; lastKnownFileType = sourcecode.c.h; path = QCToDoListViewController.h; sourceTree = "<group>"; };
		7FA04C5E177F949A00D7719F /* QCToDoListViewController.m */ = {isa = PBXFileReference; fileEncoding = 4; lastKnownFileType = sourcecode.c.objc; path = QCToDoListViewController.m; sourceTree = "<group>"; };
		7FA04C5F177F949A00D7719F /* QCToDoListViewController.xib */ = {isa = PBXFileReference; fileEncoding = 4; lastKnownFileType = file.xib; path = QCToDoListViewController.xib; sourceTree = "<group>"; };
		7FA04C63177FD2EA00D7719F /* QCToDoCell.h */ = {isa = PBXFileReference; fileEncoding = 4; lastKnownFileType = sourcecode.c.h; path = QCToDoCell.h; sourceTree = "<group>"; };
		7FA04C64177FD2EA00D7719F /* QCToDoCell.m */ = {isa = PBXFileReference; fileEncoding = 4; lastKnownFileType = sourcecode.c.objc; path = QCToDoCell.m; sourceTree = "<group>"; };
		7FA04C66177FD35800D7719F /* QCToDoCell.xib */ = {isa = PBXFileReference; fileEncoding = 4; lastKnownFileType = file.xib; path = QCToDoCell.xib; sourceTree = "<group>"; };
		7FC0CA2F17764D7700220AF9 /* QCSettingsViewController.h */ = {isa = PBXFileReference; fileEncoding = 4; lastKnownFileType = sourcecode.c.h; path = QCSettingsViewController.h; sourceTree = "<group>"; };
		7FC0CA3017764D7700220AF9 /* QCSettingsViewController.m */ = {isa = PBXFileReference; fileEncoding = 4; lastKnownFileType = sourcecode.c.objc; path = QCSettingsViewController.m; sourceTree = "<group>"; };
		7FC0CA3117764D7700220AF9 /* QCSettingsViewController.xib */ = {isa = PBXFileReference; fileEncoding = 4; lastKnownFileType = file.xib; path = QCSettingsViewController.xib; sourceTree = "<group>"; };
		7FDB877E177A6A5900C5564E /* checkboxblank.jpeg */ = {isa = PBXFileReference; lastKnownFileType = image.jpeg; name = checkboxblank.jpeg; path = ../checkboxblank.jpeg; sourceTree = "<group>"; };
		7FDB8780177A6AE700C5564E /* checkboxchecked.jpeg */ = {isa = PBXFileReference; lastKnownFileType = image.jpeg; name = checkboxchecked.jpeg; path = ../checkboxchecked.jpeg; sourceTree = "<group>"; };
		DB30CCF31791EDAE001224EA /* CategoryViewController.h */ = {isa = PBXFileReference; fileEncoding = 4; lastKnownFileType = sourcecode.c.h; path = CategoryViewController.h; sourceTree = "<group>"; };
		DB30CCF41791EDAE001224EA /* CategoryViewController.m */ = {isa = PBXFileReference; fileEncoding = 4; lastKnownFileType = sourcecode.c.objc; path = CategoryViewController.m; sourceTree = "<group>"; };
		DB8DA83617933F7B0084C91C /* Tasks.h */ = {isa = PBXFileReference; fileEncoding = 4; lastKnownFileType = sourcecode.c.h; path = Tasks.h; sourceTree = "<group>"; };
		DB8DA83717933F7B0084C91C /* Tasks.m */ = {isa = PBXFileReference; fileEncoding = 4; lastKnownFileType = sourcecode.c.objc; path = Tasks.m; sourceTree = "<group>"; };
		DB8DA83917933F7B0084C91C /* Lists.h */ = {isa = PBXFileReference; fileEncoding = 4; lastKnownFileType = sourcecode.c.h; path = Lists.h; sourceTree = "<group>"; };
		DB8DA83A17933F7B0084C91C /* Lists.m */ = {isa = PBXFileReference; fileEncoding = 4; lastKnownFileType = sourcecode.c.objc; path = Lists.m; sourceTree = "<group>"; };
/* End PBXFileReference section */

/* Begin PBXFrameworksBuildPhase section */
		3351A5C3176E3951006AFF83 /* Frameworks */ = {
			isa = PBXFrameworksBuildPhase;
			buildActionMask = 2147483647;
			files = (
				3351A5ED176E3983006AFF83 /* CoreData.framework in Frameworks */,
				3351A5CA176E3951006AFF83 /* UIKit.framework in Frameworks */,
				3351A5CC176E3951006AFF83 /* Foundation.framework in Frameworks */,
				3351A5CE176E3951006AFF83 /* CoreGraphics.framework in Frameworks */,
			);
			runOnlyForDeploymentPostprocessing = 0;
		};
/* End PBXFrameworksBuildPhase section */

/* Begin PBXGroup section */
		3351A5BD176E3951006AFF83 = {
			isa = PBXGroup;
			children = (
				7F094656178CD58700E16AB2 /* Storyboard.storyboard */,
				3351A5CF176E3951006AFF83 /* SuperTaskList */,
				6FA94E83178DB0CB00BE7EB7 /* ImageAssets */,
				6FA94E82178DB0BD00BE7EB7 /* Libraries */,
				3351A5D0176E3951006AFF83 /* Supporting Files */,
				3351A5C8176E3951006AFF83 /* Frameworks */,
				3351A5C7176E3951006AFF83 /* Products */,
			);
			sourceTree = "<group>";
		};
		3351A5C7176E3951006AFF83 /* Products */ = {
			isa = PBXGroup;
			children = (
				3351A5C6176E3951006AFF83 /* SuperTaskList.app */,
			);
			name = Products;
			sourceTree = "<group>";
		};
		3351A5C8176E3951006AFF83 /* Frameworks */ = {
			isa = PBXGroup;
			children = (
				3351A5EC176E3983006AFF83 /* CoreData.framework */,
				3351A5C9176E3951006AFF83 /* UIKit.framework */,
				3351A5CB176E3951006AFF83 /* Foundation.framework */,
				3351A5CD176E3951006AFF83 /* CoreGraphics.framework */,
			);
			name = Frameworks;
			sourceTree = "<group>";
		};
		3351A5CF176E3951006AFF83 /* SuperTaskList */ = {
			isa = PBXGroup;
			children = (
				3351A5D8176E3951006AFF83 /* QCAppDelegate.h */,
				3351A5D9176E3951006AFF83 /* QCAppDelegate.m */,
				7FDB877D1777E68D00C5564E /* Tasks View Controller */,
				3351A5E1176E3951006AFF83 /* TasksViewController.h */,
				3351A5E2176E3951006AFF83 /* TasksViewController.m */,
				3351A5E4176E3951006AFF83 /* SubtasksListViewController.xib */,
				3351A876176E48BB006AFF83 /* Edit Task View Controller */,
				DB30CCF61791F0CC001224EA /* Category View Controller */,
				7FC0CA2E17764D5C00220AF9 /* Settings */,
				3351A794176E3D85006AFF83 /* Model */,
				7FA04C62177F94D900D7719F /* To Do List View */,
			);
			path = SuperTaskList;
			sourceTree = "<group>";
		};
		3351A5D0176E3951006AFF83 /* Supporting Files */ = {
			isa = PBXGroup;
			children = (
				3351A5D1176E3951006AFF83 /* SuperTaskList-Info.plist */,
				3351A5D2176E3951006AFF83 /* InfoPlist.strings */,
				3351A5D5176E3951006AFF83 /* main.m */,
				3351A5D7176E3951006AFF83 /* SuperTaskList-Prefix.pch */,
				3351A5DB176E3951006AFF83 /* Default.png */,
				3351A5DD176E3951006AFF83 /* Default@2x.png */,
				3351A5DF176E3951006AFF83 /* Default-568h@2x.png */,
			);
			name = "Supporting Files";
			path = SuperTaskList;
			sourceTree = "<group>";
		};
		3351A794176E3D85006AFF83 /* Model */ = {
			isa = PBXGroup;
			children = (
				3351A791176E3D7A006AFF83 /* Model.xcdatamodeld */,
				DB8DA83917933F7B0084C91C /* Lists.h */,
				DB8DA83A17933F7B0084C91C /* Lists.m */,
				DB8DA83617933F7B0084C91C /* Tasks.h */,
				DB8DA83717933F7B0084C91C /* Tasks.m */,
			);
			name = Model;
			sourceTree = "<group>";
		};
		3351A876176E48BB006AFF83 /* Edit Task View Controller */ = {
			isa = PBXGroup;
			children = (
				3351A871176E489F006AFF83 /* EditTaskViewController.h */,
				3351A872176E48A0006AFF83 /* EditTaskViewController.m */,
				7F48B8311771404A008BC001 /* CustomCell */,
			);
			name = "Edit Task View Controller";
			sourceTree = "<group>";
		};
		6FA94E2C178DB0B400BE7EB7 /* MagicalRecord */ = {
			isa = PBXGroup;
			children = (
				6FA94E2D178DB0B400BE7EB7 /* Categories */,
				6FA94E57178DB0B400BE7EB7 /* Core */,
				6FA94E67178DB0B400BE7EB7 /* CoreData+MagicalRecord.h */,
			);
			name = MagicalRecord;
			path = ../MagicalRecord;
			sourceTree = "<group>";
		};
		6FA94E2D178DB0B400BE7EB7 /* Categories */ = {
			isa = PBXGroup;
			children = (
				6FA94E2E178DB0B400BE7EB7 /* DataImport */,
				6FA94E3D178DB0B400BE7EB7 /* NSManagedObject */,
				6FA94E48178DB0B400BE7EB7 /* NSManagedObjectContext */,
				6FA94E51178DB0B400BE7EB7 /* NSManagedObjectModel+MagicalRecord.h */,
				6FA94E52178DB0B400BE7EB7 /* NSManagedObjectModel+MagicalRecord.m */,
				6FA94E53178DB0B400BE7EB7 /* NSPersistentStore+MagicalRecord.h */,
				6FA94E54178DB0B400BE7EB7 /* NSPersistentStore+MagicalRecord.m */,
				6FA94E55178DB0B400BE7EB7 /* NSPersistentStoreCoordinator+MagicalRecord.h */,
				6FA94E56178DB0B400BE7EB7 /* NSPersistentStoreCoordinator+MagicalRecord.m */,
			);
			path = Categories;
			sourceTree = "<group>";
		};
		6FA94E2E178DB0B400BE7EB7 /* DataImport */ = {
			isa = PBXGroup;
			children = (
				6FA94E2F178DB0B400BE7EB7 /* MagicalImportFunctions.h */,
				6FA94E30178DB0B400BE7EB7 /* MagicalImportFunctions.m */,
				6FA94E31178DB0B400BE7EB7 /* NSAttributeDescription+MagicalDataImport.h */,
				6FA94E32178DB0B400BE7EB7 /* NSAttributeDescription+MagicalDataImport.m */,
				6FA94E33178DB0B400BE7EB7 /* NSEntityDescription+MagicalDataImport.h */,
				6FA94E34178DB0B400BE7EB7 /* NSEntityDescription+MagicalDataImport.m */,
				6FA94E35178DB0B400BE7EB7 /* NSNumber+MagicalDataImport.h */,
				6FA94E36178DB0B400BE7EB7 /* NSNumber+MagicalDataImport.m */,
				6FA94E37178DB0B400BE7EB7 /* NSObject+MagicalDataImport.h */,
				6FA94E38178DB0B400BE7EB7 /* NSObject+MagicalDataImport.m */,
				6FA94E39178DB0B400BE7EB7 /* NSRelationshipDescription+MagicalDataImport.h */,
				6FA94E3A178DB0B400BE7EB7 /* NSRelationshipDescription+MagicalDataImport.m */,
				6FA94E3B178DB0B400BE7EB7 /* NSString+MagicalDataImport.h */,
				6FA94E3C178DB0B400BE7EB7 /* NSString+MagicalDataImport.m */,
			);
			path = DataImport;
			sourceTree = "<group>";
		};
		6FA94E3D178DB0B400BE7EB7 /* NSManagedObject */ = {
			isa = PBXGroup;
			children = (
				6FA94E3E178DB0B400BE7EB7 /* NSManagedObject+MagicalAggregation.h */,
				6FA94E3F178DB0B400BE7EB7 /* NSManagedObject+MagicalAggregation.m */,
				6FA94E40178DB0B400BE7EB7 /* NSManagedObject+MagicalDataImport.h */,
				6FA94E41178DB0B400BE7EB7 /* NSManagedObject+MagicalDataImport.m */,
				6FA94E42178DB0B400BE7EB7 /* NSManagedObject+MagicalFinders.h */,
				6FA94E43178DB0B400BE7EB7 /* NSManagedObject+MagicalFinders.m */,
				6FA94E44178DB0B400BE7EB7 /* NSManagedObject+MagicalRecord.h */,
				6FA94E45178DB0B400BE7EB7 /* NSManagedObject+MagicalRecord.m */,
				6FA94E46178DB0B400BE7EB7 /* NSManagedObject+MagicalRequests.h */,
				6FA94E47178DB0B400BE7EB7 /* NSManagedObject+MagicalRequests.m */,
			);
			path = NSManagedObject;
			sourceTree = "<group>";
		};
		6FA94E48178DB0B400BE7EB7 /* NSManagedObjectContext */ = {
			isa = PBXGroup;
			children = (
				6FA94E49178DB0B400BE7EB7 /* NSManagedObjectContext+MagicalObserving.h */,
				6FA94E4A178DB0B400BE7EB7 /* NSManagedObjectContext+MagicalObserving.m */,
				6FA94E4B178DB0B400BE7EB7 /* NSManagedObjectContext+MagicalRecord.h */,
				6FA94E4C178DB0B400BE7EB7 /* NSManagedObjectContext+MagicalRecord.m */,
				6FA94E4D178DB0B400BE7EB7 /* NSManagedObjectContext+MagicalSaves.h */,
				6FA94E4E178DB0B400BE7EB7 /* NSManagedObjectContext+MagicalSaves.m */,
				6FA94E4F178DB0B400BE7EB7 /* NSManagedObjectContext+MagicalThreading.h */,
				6FA94E50178DB0B400BE7EB7 /* NSManagedObjectContext+MagicalThreading.m */,
			);
			path = NSManagedObjectContext;
			sourceTree = "<group>";
		};
		6FA94E57178DB0B400BE7EB7 /* Core */ = {
			isa = PBXGroup;
			children = (
				6FA94E58178DB0B400BE7EB7 /* MagicalRecord+Actions.h */,
				6FA94E59178DB0B400BE7EB7 /* MagicalRecord+Actions.m */,
				6FA94E5A178DB0B400BE7EB7 /* MagicalRecord+ErrorHandling.h */,
				6FA94E5B178DB0B400BE7EB7 /* MagicalRecord+ErrorHandling.m */,
				6FA94E5C178DB0B400BE7EB7 /* MagicalRecord+iCloud.h */,
				6FA94E5D178DB0B400BE7EB7 /* MagicalRecord+iCloud.m */,
				6FA94E5E178DB0B400BE7EB7 /* MagicalRecord+Options.h */,
				6FA94E5F178DB0B400BE7EB7 /* MagicalRecord+Options.m */,
				6FA94E60178DB0B400BE7EB7 /* MagicalRecord+Setup.h */,
				6FA94E61178DB0B400BE7EB7 /* MagicalRecord+Setup.m */,
				6FA94E62178DB0B400BE7EB7 /* MagicalRecord+ShorthandSupport.h */,
				6FA94E63178DB0B400BE7EB7 /* MagicalRecord+ShorthandSupport.m */,
				6FA94E64178DB0B400BE7EB7 /* MagicalRecord.h */,
				6FA94E65178DB0B400BE7EB7 /* MagicalRecord.m */,
				6FA94E66178DB0B400BE7EB7 /* MagicalRecordShorthand.h */,
			);
			path = Core;
			sourceTree = "<group>";
		};
		6FA94E82178DB0BD00BE7EB7 /* Libraries */ = {
			isa = PBXGroup;
			children = (
				6FA94E2C178DB0B400BE7EB7 /* MagicalRecord */,
			);
			name = Libraries;
			path = SuperTaskList;
			sourceTree = "<group>";
		};
		6FA94E83178DB0CB00BE7EB7 /* ImageAssets */ = {
			isa = PBXGroup;
			children = (
				7FDB877E177A6A5900C5564E /* checkboxblank.jpeg */,
				7FDB8780177A6AE700C5564E /* checkboxchecked.jpeg */,
			);
			name = ImageAssets;
			path = SuperTaskList;
			sourceTree = "<group>";
		};
		7F48B8311771404A008BC001 /* CustomCell */ = {
			isa = PBXGroup;
			children = (
				7F48B82C17714007008BC001 /* QCCustomCell.h */,
				7F48B82D17714007008BC001 /* QCCustomCell.m */,
				7F48B82F17714032008BC001 /* QCCustomCell.xib */,
			);
			name = CustomCell;
			sourceTree = "<group>";
		};
		7FA04C62177F94D900D7719F /* To Do List View */ = {
			isa = PBXGroup;
			children = (
				7FA04C5D177F949A00D7719F /* QCToDoListViewController.h */,
				7FA04C5E177F949A00D7719F /* QCToDoListViewController.m */,
				7FA04C5F177F949A00D7719F /* QCToDoListViewController.xib */,
				7FA04C68177FD36400D7719F /* To Do Custom Cell */,
				7FA04C63177FD2EA00D7719F /* QCToDoCell.h */,
				7FA04C64177FD2EA00D7719F /* QCToDoCell.m */,
				7FA04C66177FD35800D7719F /* QCToDoCell.xib */,
			);
			name = "To Do List View";
			sourceTree = "<group>";
		};
		7FA04C68177FD36400D7719F /* To Do Custom Cell */ = {
			isa = PBXGroup;
			children = (
			);
			name = "To Do Custom Cell";
			sourceTree = "<group>";
		};
		7FC0CA2E17764D5C00220AF9 /* Settings */ = {
			isa = PBXGroup;
			children = (
				7FC0CA2F17764D7700220AF9 /* QCSettingsViewController.h */,
				7FC0CA3017764D7700220AF9 /* QCSettingsViewController.m */,
				7FC0CA3117764D7700220AF9 /* QCSettingsViewController.xib */,
			);
			name = Settings;
			sourceTree = "<group>";
		};
		7FDB877D1777E68D00C5564E /* Tasks View Controller */ = {
			isa = PBXGroup;
			children = (
			);
			name = "Tasks View Controller";
			sourceTree = "<group>";
		};
		DB30CCF61791F0CC001224EA /* Category View Controller */ = {
			isa = PBXGroup;
			children = (
				DB30CCF31791EDAE001224EA /* CategoryViewController.h */,
				DB30CCF41791EDAE001224EA /* CategoryViewController.m */,
			);
			name = "Category View Controller";
			sourceTree = "<group>";
		};
/* End PBXGroup section */

/* Begin PBXNativeTarget section */
		3351A5C5176E3951006AFF83 /* SuperTaskList */ = {
			isa = PBXNativeTarget;
			buildConfigurationList = 3351A5E9176E3951006AFF83 /* Build configuration list for PBXNativeTarget "SuperTaskList" */;
			buildPhases = (
				3351A5C2176E3951006AFF83 /* Sources */,
				3351A5C3176E3951006AFF83 /* Frameworks */,
				3351A5C4176E3951006AFF83 /* Resources */,
			);
			buildRules = (
			);
			dependencies = (
			);
			name = SuperTaskList;
			productName = SuperTaskList;
			productReference = 3351A5C6176E3951006AFF83 /* SuperTaskList.app */;
			productType = "com.apple.product-type.application";
		};
/* End PBXNativeTarget section */

/* Begin PBXProject section */
		3351A5BE176E3951006AFF83 /* Project object */ = {
			isa = PBXProject;
			attributes = {
				CLASSPREFIX = QC;
				LastUpgradeCheck = 0460;
				ORGANIZATIONNAME = self.edu;
			};
			buildConfigurationList = 3351A5C1176E3951006AFF83 /* Build configuration list for PBXProject "SuperTaskList" */;
			compatibilityVersion = "Xcode 3.2";
			developmentRegion = English;
			hasScannedForEncodings = 0;
			knownRegions = (
				en,
			);
			mainGroup = 3351A5BD176E3951006AFF83;
			productRefGroup = 3351A5C7176E3951006AFF83 /* Products */;
			projectDirPath = "";
			projectRoot = "";
			targets = (
				3351A5C5176E3951006AFF83 /* SuperTaskList */,
			);
		};
/* End PBXProject section */

/* Begin PBXResourcesBuildPhase section */
		3351A5C4176E3951006AFF83 /* Resources */ = {
			isa = PBXResourcesBuildPhase;
			buildActionMask = 2147483647;
			files = (
				3351A5D4176E3951006AFF83 /* InfoPlist.strings in Resources */,
				3351A5DC176E3951006AFF83 /* Default.png in Resources */,
				3351A5DE176E3951006AFF83 /* Default@2x.png in Resources */,
				3351A5E0176E3951006AFF83 /* Default-568h@2x.png in Resources */,
				3351A5E6176E3951006AFF83 /* SubtasksListViewController.xib in Resources */,
				7F48B83017714032008BC001 /* QCCustomCell.xib in Resources */,
				7FC0CA3317764D7700220AF9 /* QCSettingsViewController.xib in Resources */,
				7FDB877F177A6A5900C5564E /* checkboxblank.jpeg in Resources */,
				7FDB8781177A6AE700C5564E /* checkboxchecked.jpeg in Resources */,
				7FA04C61177F949A00D7719F /* QCToDoListViewController.xib in Resources */,
				7FA04C67177FD35800D7719F /* QCToDoCell.xib in Resources */,
				7F094657178CD58700E16AB2 /* Storyboard.storyboard in Resources */,
			);
			runOnlyForDeploymentPostprocessing = 0;
		};
/* End PBXResourcesBuildPhase section */

/* Begin PBXSourcesBuildPhase section */
		3351A5C2176E3951006AFF83 /* Sources */ = {
			isa = PBXSourcesBuildPhase;
			buildActionMask = 2147483647;
			files = (
				3351A5D6176E3951006AFF83 /* main.m in Sources */,
				3351A5DA176E3951006AFF83 /* QCAppDelegate.m in Sources */,
				3351A5E3176E3951006AFF83 /* TasksViewController.m in Sources */,
				3351A793176E3D7A006AFF83 /* Model.xcdatamodeld in Sources */,
				3351A874176E48A0006AFF83 /* EditTaskViewController.m in Sources */,
				7F48B82E17714007008BC001 /* QCCustomCell.m in Sources */,
				7FC0CA3217764D7700220AF9 /* QCSettingsViewController.m in Sources */,
				7FA04C60177F949A00D7719F /* QCToDoListViewController.m in Sources */,
				7FA04C65177FD2EA00D7719F /* QCToDoCell.m in Sources */,
				6FA94E68178DB0B400BE7EB7 /* MagicalImportFunctions.m in Sources */,
				6FA94E69178DB0B400BE7EB7 /* NSAttributeDescription+MagicalDataImport.m in Sources */,
				6FA94E6A178DB0B400BE7EB7 /* NSEntityDescription+MagicalDataImport.m in Sources */,
				6FA94E6B178DB0B400BE7EB7 /* NSNumber+MagicalDataImport.m in Sources */,
				6FA94E6C178DB0B400BE7EB7 /* NSObject+MagicalDataImport.m in Sources */,
				6FA94E6D178DB0B400BE7EB7 /* NSRelationshipDescription+MagicalDataImport.m in Sources */,
				6FA94E6E178DB0B400BE7EB7 /* NSString+MagicalDataImport.m in Sources */,
				6FA94E6F178DB0B400BE7EB7 /* NSManagedObject+MagicalAggregation.m in Sources */,
				6FA94E70178DB0B400BE7EB7 /* NSManagedObject+MagicalDataImport.m in Sources */,
				6FA94E71178DB0B400BE7EB7 /* NSManagedObject+MagicalFinders.m in Sources */,
				6FA94E72178DB0B400BE7EB7 /* NSManagedObject+MagicalRecord.m in Sources */,
				6FA94E73178DB0B400BE7EB7 /* NSManagedObject+MagicalRequests.m in Sources */,
				6FA94E74178DB0B400BE7EB7 /* NSManagedObjectContext+MagicalObserving.m in Sources */,
				6FA94E75178DB0B400BE7EB7 /* NSManagedObjectContext+MagicalRecord.m in Sources */,
				6FA94E76178DB0B400BE7EB7 /* NSManagedObjectContext+MagicalSaves.m in Sources */,
				6FA94E77178DB0B400BE7EB7 /* NSManagedObjectContext+MagicalThreading.m in Sources */,
				6FA94E78178DB0B400BE7EB7 /* NSManagedObjectModel+MagicalRecord.m in Sources */,
				6FA94E79178DB0B400BE7EB7 /* NSPersistentStore+MagicalRecord.m in Sources */,
				6FA94E7A178DB0B400BE7EB7 /* NSPersistentStoreCoordinator+MagicalRecord.m in Sources */,
				6FA94E7B178DB0B400BE7EB7 /* MagicalRecord+Actions.m in Sources */,
				6FA94E7C178DB0B400BE7EB7 /* MagicalRecord+ErrorHandling.m in Sources */,
				6FA94E7D178DB0B400BE7EB7 /* MagicalRecord+iCloud.m in Sources */,
				6FA94E7E178DB0B400BE7EB7 /* MagicalRecord+Options.m in Sources */,
				6FA94E7F178DB0B400BE7EB7 /* MagicalRecord+Setup.m in Sources */,
				6FA94E80178DB0B400BE7EB7 /* MagicalRecord+ShorthandSupport.m in Sources */,
				6FA94E81178DB0B400BE7EB7 /* MagicalRecord.m in Sources */,
				DB30CCF51791EDAF001224EA /* CategoryViewController.m in Sources */,
				DB8DA83817933F7B0084C91C /* Tasks.m in Sources */,
				DB8DA83B17933F7B0084C91C /* Lists.m in Sources */,
			);
			runOnlyForDeploymentPostprocessing = 0;
		};
/* End PBXSourcesBuildPhase section */

/* Begin PBXVariantGroup section */
		3351A5D2176E3951006AFF83 /* InfoPlist.strings */ = {
			isa = PBXVariantGroup;
			children = (
				3351A5D3176E3951006AFF83 /* en */,
			);
			name = InfoPlist.strings;
			sourceTree = "<group>";
		};
		3351A5E4176E3951006AFF83 /* SubtasksListViewController.xib */ = {
			isa = PBXVariantGroup;
			children = (
				3351A5E5176E3951006AFF83 /* en */,
			);
			name = SubtasksListViewController.xib;
			sourceTree = "<group>";
		};
/* End PBXVariantGroup section */

/* Begin XCBuildConfiguration section */
		3351A5E7176E3951006AFF83 /* Debug */ = {
			isa = XCBuildConfiguration;
			buildSettings = {
				ALWAYS_SEARCH_USER_PATHS = NO;
				CLANG_CXX_LANGUAGE_STANDARD = "gnu++0x";
				CLANG_CXX_LIBRARY = "libc++";
				CLANG_ENABLE_OBJC_ARC = YES;
				CLANG_WARN_CONSTANT_CONVERSION = YES;
				CLANG_WARN_EMPTY_BODY = YES;
				CLANG_WARN_ENUM_CONVERSION = YES;
				CLANG_WARN_INT_CONVERSION = YES;
				CLANG_WARN__DUPLICATE_METHOD_MATCH = YES;
				"CODE_SIGN_IDENTITY[sdk=iphoneos*]" = "iPhone Developer";
				COPY_PHASE_STRIP = NO;
				GCC_C_LANGUAGE_STANDARD = gnu99;
				GCC_DYNAMIC_NO_PIC = NO;
				GCC_OPTIMIZATION_LEVEL = 0;
				GCC_PREPROCESSOR_DEFINITIONS = (
					"DEBUG=1",
					"$(inherited)",
				);
				GCC_SYMBOLS_PRIVATE_EXTERN = NO;
				GCC_WARN_ABOUT_RETURN_TYPE = YES;
				GCC_WARN_UNINITIALIZED_AUTOS = YES;
				GCC_WARN_UNUSED_VARIABLE = YES;
				IPHONEOS_DEPLOYMENT_TARGET = 6.1;
				ONLY_ACTIVE_ARCH = YES;
				SDKROOT = iphoneos;
			};
			name = Debug;
		};
		3351A5E8176E3951006AFF83 /* Release */ = {
			isa = XCBuildConfiguration;
			buildSettings = {
				ALWAYS_SEARCH_USER_PATHS = NO;
				CLANG_CXX_LANGUAGE_STANDARD = "gnu++0x";
				CLANG_CXX_LIBRARY = "libc++";
				CLANG_ENABLE_OBJC_ARC = YES;
				CLANG_WARN_CONSTANT_CONVERSION = YES;
				CLANG_WARN_EMPTY_BODY = YES;
				CLANG_WARN_ENUM_CONVERSION = YES;
				CLANG_WARN_INT_CONVERSION = YES;
				CLANG_WARN__DUPLICATE_METHOD_MATCH = YES;
				"CODE_SIGN_IDENTITY[sdk=iphoneos*]" = "iPhone Developer";
				COPY_PHASE_STRIP = YES;
				GCC_C_LANGUAGE_STANDARD = gnu99;
				GCC_WARN_ABOUT_RETURN_TYPE = YES;
				GCC_WARN_UNINITIALIZED_AUTOS = YES;
				GCC_WARN_UNUSED_VARIABLE = YES;
				IPHONEOS_DEPLOYMENT_TARGET = 6.1;
				OTHER_CFLAGS = "-DNS_BLOCK_ASSERTIONS=1";
				SDKROOT = iphoneos;
				VALIDATE_PRODUCT = YES;
			};
			name = Release;
		};
		3351A5EA176E3951006AFF83 /* Debug */ = {
			isa = XCBuildConfiguration;
			buildSettings = {
				FRAMEWORK_SEARCH_PATHS = (
					"$(inherited)",
					"\"$(SRCROOT)/MagicalRecord-master/Project Files/iOS App Unit Tests/Frameworks\"",
					"\"$(SRCROOT)/MagicalRecord-master/Project Files/Mac App Unit Tests/Frameworks\"",
				);
				GCC_PRECOMPILE_PREFIX_HEADER = YES;
				GCC_PREFIX_HEADER = "SuperTaskList/SuperTaskList-Prefix.pch";
				INFOPLIST_FILE = "SuperTaskList/SuperTaskList-Info.plist";
				LIBRARY_SEARCH_PATHS = (
					"$(inherited)",
					"\"$(SRCROOT)/MagicalRecord-master/Project Files/iOS App Unit Tests/Frameworks/OCMockLibrary\"",
					"\"$(SRCROOT)/MagicalRecord-master/Project Files/Mac App Unit Tests/Frameworks/OCMockLibrary\"",
				);
				PRODUCT_NAME = "$(TARGET_NAME)";
				WRAPPER_EXTENSION = app;
			};
			name = Debug;
		};
		3351A5EB176E3951006AFF83 /* Release */ = {
			isa = XCBuildConfiguration;
			buildSettings = {
				FRAMEWORK_SEARCH_PATHS = (
					"$(inherited)",
					"\"$(SRCROOT)/MagicalRecord-master/Project Files/iOS App Unit Tests/Frameworks\"",
					"\"$(SRCROOT)/MagicalRecord-master/Project Files/Mac App Unit Tests/Frameworks\"",
				);
				GCC_PRECOMPILE_PREFIX_HEADER = YES;
				GCC_PREFIX_HEADER = "SuperTaskList/SuperTaskList-Prefix.pch";
				INFOPLIST_FILE = "SuperTaskList/SuperTaskList-Info.plist";
				LIBRARY_SEARCH_PATHS = (
					"$(inherited)",
					"\"$(SRCROOT)/MagicalRecord-master/Project Files/iOS App Unit Tests/Frameworks/OCMockLibrary\"",
					"\"$(SRCROOT)/MagicalRecord-master/Project Files/Mac App Unit Tests/Frameworks/OCMockLibrary\"",
				);
				PRODUCT_NAME = "$(TARGET_NAME)";
				WRAPPER_EXTENSION = app;
			};
			name = Release;
		};
/* End XCBuildConfiguration section */

/* Begin XCConfigurationList section */
		3351A5C1176E3951006AFF83 /* Build configuration list for PBXProject "SuperTaskList" */ = {
			isa = XCConfigurationList;
			buildConfigurations = (
				3351A5E7176E3951006AFF83 /* Debug */,
				3351A5E8176E3951006AFF83 /* Release */,
			);
			defaultConfigurationIsVisible = 0;
			defaultConfigurationName = Release;
		};
		3351A5E9176E3951006AFF83 /* Build configuration list for PBXNativeTarget "SuperTaskList" */ = {
			isa = XCConfigurationList;
			buildConfigurations = (
				3351A5EA176E3951006AFF83 /* Debug */,
				3351A5EB176E3951006AFF83 /* Release */,
			);
			defaultConfigurationIsVisible = 0;
			defaultConfigurationName = Release;
		};
/* End XCConfigurationList section */

/* Begin XCVersionGroup section */
		3351A791176E3D7A006AFF83 /* Model.xcdatamodeld */ = {
			isa = XCVersionGroup;
			children = (
				3351A792176E3D7A006AFF83 /* Model.xcdatamodel */,
			);
			currentVersion = 3351A792176E3D7A006AFF83 /* Model.xcdatamodel */;
			path = Model.xcdatamodeld;
			sourceTree = "<group>";
			versionGroupType = wrapper.xcdatamodel;
		};
/* End XCVersionGroup section */
	};
	rootObject = 3351A5BE176E3951006AFF83 /* Project object */;
}
